<?xml version="1.0" encoding="utf-8"?>
<Project ToolsVersion="4.0" xmlns="http://schemas.microsoft.com/developer/msbuild/2003">
  <ItemGroup>
    <Filter Include="Source Files">
      <UniqueIdentifier>{4FC737F1-C7A5-4376-A066-2A32D752A2FF}</UniqueIdentifier>
      <Extensions>cpp;c;cc;cxx;c++;cppm;ixx;def;odl;idl;hpj;bat;asm;asmx</Extensions>
    </Filter>
    <Filter Include="Header Files">
      <UniqueIdentifier>{93995380-89BD-4b04-88EB-625FBE52EBFB}</UniqueIdentifier>
      <Extensions>h;hh;hpp;hxx;h++;hm;inl;inc;ipp;xsd</Extensions>
    </Filter>
    <Filter Include="Header Files\Model">
      <UniqueIdentifier>{f7be5200-ea4e-463e-8011-05a284cc925f}</UniqueIdentifier>
    </Filter>
    <Filter Include="Header Files\Services">
      <UniqueIdentifier>{e664d887-e3a8-4c70-9632-3900f104be65}</UniqueIdentifier>
    </Filter>
    <Filter Include="Resource Files">
      <UniqueIdentifier>{67DA6AB6-F800-4c08-8B7A-83BB121AAD01}</UniqueIdentifier>
      <Extensions>rc;ico;cur;bmp;dlg;rc2;rct;bin;rgs;gif;jpg;jpeg;jpe;resx;tiff;tif;png;wav;mfcribbon-ms</Extensions>
    </Filter>
    <Filter Include="Source Files\Services">
      <UniqueIdentifier>{c34011e6-30f6-4f9b-afc6-c8acb0099b58}</UniqueIdentifier>
    </Filter>
    <Filter Include="Header Files\Algorithms">
      <UniqueIdentifier>{99f8292b-d31a-421f-9708-da22ab651698}</UniqueIdentifier>
    </Filter>
    <Filter Include="Source Files\Algorithms">
      <UniqueIdentifier>{53a01122-bdde-4297-a3a6-d0f29bcc6f32}</UniqueIdentifier>
    </Filter>
  </ItemGroup>
  <ItemGroup>
    <ClCompile Include="main.cpp">
      <Filter>Source Files</Filter>
    </ClCompile>
    <ClCompile Include="Loader.cpp">
      <Filter>Source Files\Services</Filter>
    </ClCompile>
    <ClCompile Include="Dijkstra.cpp">
      <Filter>Source Files\Algorithms</Filter>
    </ClCompile>
  </ItemGroup>
  <ItemGroup>
    <ClInclude Include="Vertex.hpp">
      <Filter>Header Files\Model</Filter>
    </ClInclude>
    <ClInclude Include="Edge.hpp">
      <Filter>Header Files\Model</Filter>
    </ClInclude>
    <ClInclude Include="Loader.hpp">
      <Filter>Header Files\Services</Filter>
    </ClInclude>
    <ClInclude Include="Dijkstra.hpp">
      <Filter>Header Files\Algorithms</Filter>
    </ClInclude>
  </ItemGroup>
</Project>